
Microsoft Visual Studio Solution File, Format Version 12.00
# Visual Studio Version 16
VisualStudioVersion = 16.0.30907.101
MinimumVisualStudioVersion = 10.0.40219.1
Project("{9A19103F-16F7-4668-BE54-9A1E7A4F7556}") = "BuzzerBernd", "BuzzerBernd\BuzzerBernd.csproj", "{E49B64E5-CDC1-4DFD-ADE8-7F96363AFE69}"
EndProject
Global
	GlobalSection(SolutionConfigurationPlatforms) = preSolution
		Debug|Any CPU = Debug|Any CPU
		Release|Any CPU = Release|Any CPU
	EndGlobalSection
	GlobalSection(ProjectConfigurationPlatforms) = postSolution
		{E49B64E5-CDC1-4DFD-ADE8-7F96363AFE69}.Debug|Any CPU.ActiveCfg = Debug|Any CPU
		{E49B64E5-CDC1-4DFD-ADE8-7F96363AFE69}.Debug|Any CPU.Build.0 = Debug|Any CPU
		{E49B64E5-CDC1-4DFD-ADE8-7F96363AFE69}.Release|Any CPU.ActiveCfg = Release|Any CPU
		{E49B64E5-CDC1-4DFD-ADE8-7F96363AFE69}.Release|Any CPU.Build.0 = Release|Any CPU
	EndGlobalSection
	GlobalSection(SolutionProperties) = preSolution
		HideSolutionNode = FALSE
	EndGlobalSection
	GlobalSection(ExtensibilityGlobals) = postSolution
		SolutionGuid = {EAE7C3D3-FEE1-4B34-AE53-BCDE9F368D7C}
	EndGlobalSection
EndGlobal
